// !$*UTF8*$!
{
	archiveVersion = 1;
	classes = {
	};
	objectVersion = 50;
	objects = {

/* Begin PBXBuildFile section */
		4B5D79180B6C029BE70605AF /* Pods_Foursquare.framework in Frameworks */ = {isa = PBXBuildFile; fileRef = 3712DD2319FFF7425BF1CEBF /* Pods_Foursquare.framework */; };
		95083EAB228E3F0100DD72F9 /* placesVC.swift in Sources */ = {isa = PBXBuildFile; fileRef = 95083EAA228E3F0100DD72F9 /* placesVC.swift */; };
		95083EB3228E5C4100DD72F9 /* logoFoursquare.png in Resources */ = {isa = PBXBuildFile; fileRef = 95083EB2228E5C4100DD72F9 /* logoFoursquare.png */; };
		95083EB5228EE1D800DD72F9 /* GlobalVariables.swift in Sources */ = {isa = PBXBuildFile; fileRef = 95083EB4228EE1D800DD72F9 /* GlobalVariables.swift */; };
		95A9D51E22945F7000D3A72C /* TipsTableViewCell.swift in Sources */ = {isa = PBXBuildFile; fileRef = 95A9D51D22945F7000D3A72C /* TipsTableViewCell.swift */; };
		95B4E209229078FF00F3A2DE /* venuesModel.swift in Sources */ = {isa = PBXBuildFile; fileRef = 95B4E208229078FF00F3A2DE /* venuesModel.swift */; };
		95B4E20B2290C79600F3A2DE /* VenuesTableViewCell.swift in Sources */ = {isa = PBXBuildFile; fileRef = 95B4E20A2290C79600F3A2DE /* VenuesTableViewCell.swift */; };
		95B4E2152291AA2100F3A2DE /* AlertViewController.swift in Sources */ = {isa = PBXBuildFile; fileRef = 95B4E2142291AA2100F3A2DE /* AlertViewController.swift */; };
		95EAD548228E37D4004522CD /* AppDelegate.swift in Sources */ = {isa = PBXBuildFile; fileRef = 95EAD547228E37D4004522CD /* AppDelegate.swift */; };
		95EAD54A228E37D4004522CD /* mainPageVC.swift in Sources */ = {isa = PBXBuildFile; fileRef = 95EAD549228E37D4004522CD /* mainPageVC.swift */; };
		95EAD54D228E37D4004522CD /* Main.storyboard in Resources */ = {isa = PBXBuildFile; fileRef = 95EAD54B228E37D4004522CD /* Main.storyboard */; };
		95EAD54F228E37D5004522CD /* Assets.xcassets in Resources */ = {isa = PBXBuildFile; fileRef = 95EAD54E228E37D5004522CD /* Assets.xcassets */; };
		95EAD552228E37D5004522CD /* LaunchScreen.storyboard in Resources */ = {isa = PBXBuildFile; fileRef = 95EAD550228E37D5004522CD /* LaunchScreen.storyboard */; };
		95EAD55D228E37D5004522CD /* FoursquareTests.swift in Sources */ = {isa = PBXBuildFile; fileRef = 95EAD55C228E37D5004522CD /* FoursquareTests.swift */; };
		95EAD568228E37D5004522CD /* FoursquareUITests.swift in Sources */ = {isa = PBXBuildFile; fileRef = 95EAD567228E37D5004522CD /* FoursquareUITests.swift */; };
		BFDE36EF1819646BAF666FBB /* Pods_FoursquareTests.framework in Frameworks */ = {isa = PBXBuildFile; fileRef = DB78ADB79A8B20EA28501161 /* Pods_FoursquareTests.framework */; };
		D93F7F3085923B49915ADE79 /* Pods_FoursquareUITests.framework in Frameworks */ = {isa = PBXBuildFile; fileRef = 5A23782B7B1671B864D0977A /* Pods_FoursquareUITests.framework */; };
/* End PBXBuildFile section */

/* Begin PBXContainerItemProxy section */
		95EAD559228E37D5004522CD /* PBXContainerItemProxy */ = {
			isa = PBXContainerItemProxy;
			containerPortal = 95EAD53C228E37D3004522CD /* Project object */;
			proxyType = 1;
			remoteGlobalIDString = 95EAD543228E37D4004522CD;
			remoteInfo = Foursquare;
		};
		95EAD564228E37D5004522CD /* PBXContainerItemProxy */ = {
			isa = PBXContainerItemProxy;
			containerPortal = 95EAD53C228E37D3004522CD /* Project object */;
			proxyType = 1;
			remoteGlobalIDString = 95EAD543228E37D4004522CD;
			remoteInfo = Foursquare;
		};
/* End PBXContainerItemProxy section */

/* Begin PBXFileReference section */
		16F2FD279D016B954BC8B3EE /* Pods-Foursquare.release.xcconfig */ = {isa = PBXFileReference; includeInIndex = 1; lastKnownFileType = text.xcconfig; name = "Pods-Foursquare.release.xcconfig"; path = "Pods/Target Support Files/Pods-Foursquare/Pods-Foursquare.release.xcconfig"; sourceTree = "<group>"; };
		3712DD2319FFF7425BF1CEBF /* Pods_Foursquare.framework */ = {isa = PBXFileReference; explicitFileType = wrapper.framework; includeInIndex = 0; path = Pods_Foursquare.framework; sourceTree = BUILT_PRODUCTS_DIR; };
		37E6B3B16F2B4166783EABEC /* Pods-Foursquare.debug.xcconfig */ = {isa = PBXFileReference; includeInIndex = 1; lastKnownFileType = text.xcconfig; name = "Pods-Foursquare.debug.xcconfig"; path = "Pods/Target Support Files/Pods-Foursquare/Pods-Foursquare.debug.xcconfig"; sourceTree = "<group>"; };
		3E056101ADFCA104E290B460 /* Pods-FoursquareTests.debug.xcconfig */ = {isa = PBXFileReference; includeInIndex = 1; lastKnownFileType = text.xcconfig; name = "Pods-FoursquareTests.debug.xcconfig"; path = "Pods/Target Support Files/Pods-FoursquareTests/Pods-FoursquareTests.debug.xcconfig"; sourceTree = "<group>"; };
		5A23782B7B1671B864D0977A /* Pods_FoursquareUITests.framework */ = {isa = PBXFileReference; explicitFileType = wrapper.framework; includeInIndex = 0; path = Pods_FoursquareUITests.framework; sourceTree = BUILT_PRODUCTS_DIR; };
		7C052D80BADCBB02C41F051E /* Pods-FoursquareUITests.debug.xcconfig */ = {isa = PBXFileReference; includeInIndex = 1; lastKnownFileType = text.xcconfig; name = "Pods-FoursquareUITests.debug.xcconfig"; path = "Pods/Target Support Files/Pods-FoursquareUITests/Pods-FoursquareUITests.debug.xcconfig"; sourceTree = "<group>"; };
		95083EAA228E3F0100DD72F9 /* placesVC.swift */ = {isa = PBXFileReference; lastKnownFileType = sourcecode.swift; path = placesVC.swift; sourceTree = "<group>"; };
		95083EB2228E5C4100DD72F9 /* logoFoursquare.png */ = {isa = PBXFileReference; lastKnownFileType = image.png; path = logoFoursquare.png; sourceTree = "<group>"; };
		95083EB4228EE1D800DD72F9 /* GlobalVariables.swift */ = {isa = PBXFileReference; lastKnownFileType = sourcecode.swift; path = GlobalVariables.swift; sourceTree = "<group>"; };
		95A9D51D22945F7000D3A72C /* TipsTableViewCell.swift */ = {isa = PBXFileReference; lastKnownFileType = sourcecode.swift; path = TipsTableViewCell.swift; sourceTree = "<group>"; };
		95B4E208229078FF00F3A2DE /* venuesModel.swift */ = {isa = PBXFileReference; lastKnownFileType = sourcecode.swift; path = venuesModel.swift; sourceTree = "<group>"; };
		95B4E20A2290C79600F3A2DE /* VenuesTableViewCell.swift */ = {isa = PBXFileReference; lastKnownFileType = sourcecode.swift; path = VenuesTableViewCell.swift; sourceTree = "<group>"; };
		95B4E2142291AA2100F3A2DE /* AlertViewController.swift */ = {isa = PBXFileReference; lastKnownFileType = sourcecode.swift; path = AlertViewController.swift; sourceTree = "<group>"; };
		95EAD544228E37D4004522CD /* Foursquare.app */ = {isa = PBXFileReference; explicitFileType = wrapper.application; includeInIndex = 0; path = Foursquare.app; sourceTree = BUILT_PRODUCTS_DIR; };
		95EAD547228E37D4004522CD /* AppDelegate.swift */ = {isa = PBXFileReference; lastKnownFileType = sourcecode.swift; path = AppDelegate.swift; sourceTree = "<group>"; };
		95EAD549228E37D4004522CD /* mainPageVC.swift */ = {isa = PBXFileReference; lastKnownFileType = sourcecode.swift; path = mainPageVC.swift; sourceTree = "<group>"; };
		95EAD54C228E37D4004522CD /* Base */ = {isa = PBXFileReference; lastKnownFileType = file.storyboard; name = Base; path = Base.lproj/Main.storyboard; sourceTree = "<group>"; };
		95EAD54E228E37D5004522CD /* Assets.xcassets */ = {isa = PBXFileReference; lastKnownFileType = folder.assetcatalog; path = Assets.xcassets; sourceTree = "<group>"; };
		95EAD551228E37D5004522CD /* Base */ = {isa = PBXFileReference; lastKnownFileType = file.storyboard; name = Base; path = Base.lproj/LaunchScreen.storyboard; sourceTree = "<group>"; };
		95EAD553228E37D5004522CD /* Info.plist */ = {isa = PBXFileReference; lastKnownFileType = text.plist.xml; path = Info.plist; sourceTree = "<group>"; };
		95EAD558228E37D5004522CD /* FoursquareTests.xctest */ = {isa = PBXFileReference; explicitFileType = wrapper.cfbundle; includeInIndex = 0; path = FoursquareTests.xctest; sourceTree = BUILT_PRODUCTS_DIR; };
		95EAD55C228E37D5004522CD /* FoursquareTests.swift */ = {isa = PBXFileReference; lastKnownFileType = sourcecode.swift; path = FoursquareTests.swift; sourceTree = "<group>"; };
		95EAD55E228E37D5004522CD /* Info.plist */ = {isa = PBXFileReference; lastKnownFileType = text.plist.xml; path = Info.plist; sourceTree = "<group>"; };
		95EAD563228E37D5004522CD /* FoursquareUITests.xctest */ = {isa = PBXFileReference; explicitFileType = wrapper.cfbundle; includeInIndex = 0; path = FoursquareUITests.xctest; sourceTree = BUILT_PRODUCTS_DIR; };
		95EAD567228E37D5004522CD /* FoursquareUITests.swift */ = {isa = PBXFileReference; lastKnownFileType = sourcecode.swift; path = FoursquareUITests.swift; sourceTree = "<group>"; };
		95EAD569228E37D5004522CD /* Info.plist */ = {isa = PBXFileReference; lastKnownFileType = text.plist.xml; path = Info.plist; sourceTree = "<group>"; };
		D96B5AEF60279DC953E41CC1 /* Pods-FoursquareTests.release.xcconfig */ = {isa = PBXFileReference; includeInIndex = 1; lastKnownFileType = text.xcconfig; name = "Pods-FoursquareTests.release.xcconfig"; path = "Pods/Target Support Files/Pods-FoursquareTests/Pods-FoursquareTests.release.xcconfig"; sourceTree = "<group>"; };
		DB78ADB79A8B20EA28501161 /* Pods_FoursquareTests.framework */ = {isa = PBXFileReference; explicitFileType = wrapper.framework; includeInIndex = 0; path = Pods_FoursquareTests.framework; sourceTree = BUILT_PRODUCTS_DIR; };
		E0BC28F6E918FC4EAC4CAD87 /* Pods-FoursquareUITests.release.xcconfig */ = {isa = PBXFileReference; includeInIndex = 1; lastKnownFileType = text.xcconfig; name = "Pods-FoursquareUITests.release.xcconfig"; path = "Pods/Target Support Files/Pods-FoursquareUITests/Pods-FoursquareUITests.release.xcconfig"; sourceTree = "<group>"; };
/* End PBXFileReference section */

/* Begin PBXFrameworksBuildPhase section */
		95EAD541228E37D4004522CD /* Frameworks */ = {
			isa = PBXFrameworksBuildPhase;
			buildActionMask = 2147483647;
			files = (
				4B5D79180B6C029BE70605AF /* Pods_Foursquare.framework in Frameworks */,
			);
			runOnlyForDeploymentPostprocessing = 0;
		};
		95EAD555228E37D5004522CD /* Frameworks */ = {
			isa = PBXFrameworksBuildPhase;
			buildActionMask = 2147483647;
			files = (
				BFDE36EF1819646BAF666FBB /* Pods_FoursquareTests.framework in Frameworks */,
			);
			runOnlyForDeploymentPostprocessing = 0;
		};
		95EAD560228E37D5004522CD /* Frameworks */ = {
			isa = PBXFrameworksBuildPhase;
			buildActionMask = 2147483647;
			files = (
				D93F7F3085923B49915ADE79 /* Pods_FoursquareUITests.framework in Frameworks */,
			);
			runOnlyForDeploymentPostprocessing = 0;
		};
/* End PBXFrameworksBuildPhase section */

/* Begin PBXGroup section */
		001A6BCE23D468F99D65AE22 /* Frameworks */ = {
			isa = PBXGroup;
			children = (
				3712DD2319FFF7425BF1CEBF /* Pods_Foursquare.framework */,
				DB78ADB79A8B20EA28501161 /* Pods_FoursquareTests.framework */,
				5A23782B7B1671B864D0977A /* Pods_FoursquareUITests.framework */,
			);
			name = Frameworks;
			sourceTree = "<group>";
		};
		73455CED46485B1E28931A9C /* Pods */ = {
			isa = PBXGroup;
			children = (
				37E6B3B16F2B4166783EABEC /* Pods-Foursquare.debug.xcconfig */,
				16F2FD279D016B954BC8B3EE /* Pods-Foursquare.release.xcconfig */,
				3E056101ADFCA104E290B460 /* Pods-FoursquareTests.debug.xcconfig */,
				D96B5AEF60279DC953E41CC1 /* Pods-FoursquareTests.release.xcconfig */,
				7C052D80BADCBB02C41F051E /* Pods-FoursquareUITests.debug.xcconfig */,
				E0BC28F6E918FC4EAC4CAD87 /* Pods-FoursquareUITests.release.xcconfig */,
			);
			name = Pods;
			sourceTree = "<group>";
		};
		95EAD53B228E37D3004522CD = {
			isa = PBXGroup;
			children = (
				95EAD546228E37D4004522CD /* Foursquare */,
				95EAD55B228E37D5004522CD /* FoursquareTests */,
				95EAD566228E37D5004522CD /* FoursquareUITests */,
				95EAD545228E37D4004522CD /* Products */,
				73455CED46485B1E28931A9C /* Pods */,
				001A6BCE23D468F99D65AE22 /* Frameworks */,
			);
			sourceTree = "<group>";
		};
		95EAD545228E37D4004522CD /* Products */ = {
			isa = PBXGroup;
			children = (
				95EAD544228E37D4004522CD /* Foursquare.app */,
				95EAD558228E37D5004522CD /* FoursquareTests.xctest */,
				95EAD563228E37D5004522CD /* FoursquareUITests.xctest */,
			);
			name = Products;
			sourceTree = "<group>";
		};
		95EAD546228E37D4004522CD /* Foursquare */ = {
			isa = PBXGroup;
			children = (
				95083EB2228E5C4100DD72F9 /* logoFoursquare.png */,
				95EAD547228E37D4004522CD /* AppDelegate.swift */,
				95083EB4228EE1D800DD72F9 /* GlobalVariables.swift */,
				95B4E20A2290C79600F3A2DE /* VenuesTableViewCell.swift */,
				95A9D51D22945F7000D3A72C /* TipsTableViewCell.swift */,
				95B4E208229078FF00F3A2DE /* venuesModel.swift */,
				95EAD54B228E37D4004522CD /* Main.storyboard */,
				95B4E2142291AA2100F3A2DE /* AlertViewController.swift */,
				95083EAA228E3F0100DD72F9 /* placesVC.swift */,
				95EAD549228E37D4004522CD /* mainPageVC.swift */,
				95EAD54E228E37D5004522CD /* Assets.xcassets */,
				95EAD550228E37D5004522CD /* LaunchScreen.storyboard */,
				95EAD553228E37D5004522CD /* Info.plist */,
			);
			path = Foursquare;
			sourceTree = "<group>";
		};
		95EAD55B228E37D5004522CD /* FoursquareTests */ = {
			isa = PBXGroup;
			children = (
				95EAD55C228E37D5004522CD /* FoursquareTests.swift */,
				95EAD55E228E37D5004522CD /* Info.plist */,
			);
			path = FoursquareTests;
			sourceTree = "<group>";
		};
		95EAD566228E37D5004522CD /* FoursquareUITests */ = {
			isa = PBXGroup;
			children = (
				95EAD567228E37D5004522CD /* FoursquareUITests.swift */,
				95EAD569228E37D5004522CD /* Info.plist */,
			);
			path = FoursquareUITests;
			sourceTree = "<group>";
		};
/* End PBXGroup section */

/* Begin PBXNativeTarget section */
		95EAD543228E37D4004522CD /* Foursquare */ = {
			isa = PBXNativeTarget;
			buildConfigurationList = 95EAD56C228E37D5004522CD /* Build configuration list for PBXNativeTarget "Foursquare" */;
			buildPhases = (
				F999231C94B175196281546D /* [CP] Check Pods Manifest.lock */,
				95EAD540228E37D4004522CD /* Sources */,
				95EAD541228E37D4004522CD /* Frameworks */,
				95EAD542228E37D4004522CD /* Resources */,
				4241C27BCA37ECE03B0555F7 /* [CP] Embed Pods Frameworks */,
			);
			buildRules = (
			);
			dependencies = (
			);
			name = Foursquare;
			productName = Foursquare;
			productReference = 95EAD544228E37D4004522CD /* Foursquare.app */;
			productType = "com.apple.product-type.application";
		};
		95EAD557228E37D5004522CD /* FoursquareTests */ = {
			isa = PBXNativeTarget;
			buildConfigurationList = 95EAD56F228E37D5004522CD /* Build configuration list for PBXNativeTarget "FoursquareTests" */;
			buildPhases = (
				B8BF4FE3E77BBA5C7DEBD04D /* [CP] Check Pods Manifest.lock */,
				95EAD554228E37D5004522CD /* Sources */,
				95EAD555228E37D5004522CD /* Frameworks */,
				95EAD556228E37D5004522CD /* Resources */,
			);
			buildRules = (
			);
			dependencies = (
				95EAD55A228E37D5004522CD /* PBXTargetDependency */,
			);
			name = FoursquareTests;
			productName = FoursquareTests;
			productReference = 95EAD558228E37D5004522CD /* FoursquareTests.xctest */;
			productType = "com.apple.product-type.bundle.unit-test";
		};
		95EAD562228E37D5004522CD /* FoursquareUITests */ = {
			isa = PBXNativeTarget;
			buildConfigurationList = 95EAD572228E37D5004522CD /* Build configuration list for PBXNativeTarget "FoursquareUITests" */;
			buildPhases = (
				AF675C3C90A2A5D4E6385711 /* [CP] Check Pods Manifest.lock */,
				95EAD55F228E37D5004522CD /* Sources */,
				95EAD560228E37D5004522CD /* Frameworks */,
				95EAD561228E37D5004522CD /* Resources */,
			);
			buildRules = (
			);
			dependencies = (
				95EAD565228E37D5004522CD /* PBXTargetDependency */,
			);
			name = FoursquareUITests;
			productName = FoursquareUITests;
			productReference = 95EAD563228E37D5004522CD /* FoursquareUITests.xctest */;
			productType = "com.apple.product-type.bundle.ui-testing";
		};
/* End PBXNativeTarget section */

/* Begin PBXProject section */
		95EAD53C228E37D3004522CD /* Project object */ = {
			isa = PBXProject;
			attributes = {
				LastSwiftUpdateCheck = 1020;
				LastUpgradeCheck = 1020;
				ORGANIZATIONNAME = "Mehmet Baran";
				TargetAttributes = {
					95EAD543228E37D4004522CD = {
						CreatedOnToolsVersion = 10.2.1;
					};
					95EAD557228E37D5004522CD = {
						CreatedOnToolsVersion = 10.2.1;
						TestTargetID = 95EAD543228E37D4004522CD;
					};
					95EAD562228E37D5004522CD = {
						CreatedOnToolsVersion = 10.2.1;
						TestTargetID = 95EAD543228E37D4004522CD;
					};
				};
			};
			buildConfigurationList = 95EAD53F228E37D3004522CD /* Build configuration list for PBXProject "Foursquare" */;
			compatibilityVersion = "Xcode 9.3";
			developmentRegion = en;
			hasScannedForEncodings = 0;
			knownRegions = (
				en,
				Base,
			);
			mainGroup = 95EAD53B228E37D3004522CD;
			productRefGroup = 95EAD545228E37D4004522CD /* Products */;
			projectDirPath = "";
			projectRoot = "";
			targets = (
				95EAD543228E37D4004522CD /* Foursquare */,
				95EAD557228E37D5004522CD /* FoursquareTests */,
				95EAD562228E37D5004522CD /* FoursquareUITests */,
			);
		};
/* End PBXProject section */

/* Begin PBXResourcesBuildPhase section */
		95EAD542228E37D4004522CD /* Resources */ = {
			isa = PBXResourcesBuildPhase;
			buildActionMask = 2147483647;
			files = (
				95EAD552228E37D5004522CD /* LaunchScreen.storyboard in Resources */,
				95083EB3228E5C4100DD72F9 /* logoFoursquare.png in Resources */,
				95EAD54F228E37D5004522CD /* Assets.xcassets in Resources */,
				95EAD54D228E37D4004522CD /* Main.storyboard in Resources */,
			);
			runOnlyForDeploymentPostprocessing = 0;
		};
		95EAD556228E37D5004522CD /* Resources */ = {
			isa = PBXResourcesBuildPhase;
			buildActionMask = 2147483647;
			files = (
			);
			runOnlyForDeploymentPostprocessing = 0;
		};
		95EAD561228E37D5004522CD /* Resources */ = {
			isa = PBXResourcesBuildPhase;
			buildActionMask = 2147483647;
			files = (
			);
			runOnlyForDeploymentPostprocessing = 0;
		};
/* End PBXResourcesBuildPhase section */

/* Begin PBXShellScriptBuildPhase section */
		4241C27BCA37ECE03B0555F7 /* [CP] Embed Pods Frameworks */ = {
			isa = PBXShellScriptBuildPhase;
			buildActionMask = 2147483647;
			files = (
			);
			inputPaths = (
				"${SRCROOT}/Pods/Target Support Files/Pods-Foursquare/Pods-Foursquare-frameworks.sh",
				"${BUILT_PRODUCTS_DIR}/Alamofire/Alamofire.framework",
				"${BUILT_PRODUCTS_DIR}/FoursquareAPIClient/FoursquareAPIClient.framework",
				"${BUILT_PRODUCTS_DIR}/MBProgressHUD/MBProgressHUD.framework",
				"${BUILT_PRODUCTS_DIR}/SDWebImage/SDWebImage.framework",
			);
			name = "[CP] Embed Pods Frameworks";
			outputPaths = (
				"${TARGET_BUILD_DIR}/${FRAMEWORKS_FOLDER_PATH}/Alamofire.framework",
				"${TARGET_BUILD_DIR}/${FRAMEWORKS_FOLDER_PATH}/FoursquareAPIClient.framework",
				"${TARGET_BUILD_DIR}/${FRAMEWORKS_FOLDER_PATH}/MBProgressHUD.framework",
				"${TARGET_BUILD_DIR}/${FRAMEWORKS_FOLDER_PATH}/SDWebImage.framework",
			);
			runOnlyForDeploymentPostprocessing = 0;
			shellPath = /bin/sh;
			shellScript = "\"${SRCROOT}/Pods/Target Support Files/Pods-Foursquare/Pods-Foursquare-frameworks.sh\"\n";
			showEnvVarsInLog = 0;
		};
		AF675C3C90A2A5D4E6385711 /* [CP] Check Pods Manifest.lock */ = {
			isa = PBXShellScriptBuildPhase;
			buildActionMask = 2147483647;
			files = (
			);
			inputPaths = (
				"${PODS_PODFILE_DIR_PATH}/Podfile.lock",
				"${PODS_ROOT}/Manifest.lock",
			);
			name = "[CP] Check Pods Manifest.lock";
			outputPaths = (
				"$(DERIVED_FILE_DIR)/Pods-FoursquareUITests-checkManifestLockResult.txt",
			);
			runOnlyForDeploymentPostprocessing = 0;
			shellPath = /bin/sh;
			shellScript = "diff \"${PODS_PODFILE_DIR_PATH}/Podfile.lock\" \"${PODS_ROOT}/Manifest.lock\" > /dev/null\nif [ $? != 0 ] ; then\n    # print error to STDERR\n    echo \"error: The sandbox is not in sync with the Podfile.lock. Run 'pod install' or update your CocoaPods installation.\" >&2\n    exit 1\nfi\n# This output is used by Xcode 'outputs' to avoid re-running this script phase.\necho \"SUCCESS\" > \"${SCRIPT_OUTPUT_FILE_0}\"\n";
			showEnvVarsInLog = 0;
		};
		B8BF4FE3E77BBA5C7DEBD04D /* [CP] Check Pods Manifest.lock */ = {
			isa = PBXShellScriptBuildPhase;
			buildActionMask = 2147483647;
			files = (
			);
			inputPaths = (
				"${PODS_PODFILE_DIR_PATH}/Podfile.lock",
				"${PODS_ROOT}/Manifest.lock",
			);
			name = "[CP] Check Pods Manifest.lock";
			outputPaths = (
				"$(DERIVED_FILE_DIR)/Pods-FoursquareTests-checkManifestLockResult.txt",
			);
			runOnlyForDeploymentPostprocessing = 0;
			shellPath = /bin/sh;
			shellScript = "diff \"${PODS_PODFILE_DIR_PATH}/Podfile.lock\" \"${PODS_ROOT}/Manifest.lock\" > /dev/null\nif [ $? != 0 ] ; then\n    # print error to STDERR\n    echo \"error: The sandbox is not in sync with the Podfile.lock. Run 'pod install' or update your CocoaPods installation.\" >&2\n    exit 1\nfi\n# This output is used by Xcode 'outputs' to avoid re-running this script phase.\necho \"SUCCESS\" > \"${SCRIPT_OUTPUT_FILE_0}\"\n";
			showEnvVarsInLog = 0;
		};
		F999231C94B175196281546D /* [CP] Check Pods Manifest.lock */ = {
			isa = PBXShellScriptBuildPhase;
			buildActionMask = 2147483647;
			files = (
			);
			inputPaths = (
				"${PODS_PODFILE_DIR_PATH}/Podfile.lock",
				"${PODS_ROOT}/Manifest.lock",
			);
			name = "[CP] Check Pods Manifest.lock";
			outputPaths = (
				"$(DERIVED_FILE_DIR)/Pods-Foursquare-checkManifestLockResult.txt",
			);
			runOnlyForDeploymentPostprocessing = 0;
			shellPath = /bin/sh;
			shellScript = "diff \"${PODS_PODFILE_DIR_PATH}/Podfile.lock\" \"${PODS_ROOT}/Manifest.lock\" > /dev/null\nif [ $? != 0 ] ; then\n    # print error to STDERR\n    echo \"error: The sandbox is not in sync with the Podfile.lock. Run 'pod install' or update your CocoaPods installation.\" >&2\n    exit 1\nfi\n# This output is used by Xcode 'outputs' to avoid re-running this script phase.\necho \"SUCCESS\" > \"${SCRIPT_OUTPUT_FILE_0}\"\n";
			showEnvVarsInLog = 0;
		};
/* End PBXShellScriptBuildPhase section */

/* Begin PBXSourcesBuildPhase section */
		95EAD540228E37D4004522CD /* Sources */ = {
			isa = PBXSourcesBuildPhase;
			buildActionMask = 2147483647;
			files = (
				95EAD54A228E37D4004522CD /* mainPageVC.swift in Sources */,
				95B4E209229078FF00F3A2DE /* venuesModel.swift in Sources */,
				95EAD548228E37D4004522CD /* AppDelegate.swift in Sources */,
				95B4E2152291AA2100F3A2DE /* AlertViewController.swift in Sources */,
				95083EAB228E3F0100DD72F9 /* placesVC.swift in Sources */,
				95A9D51E22945F7000D3A72C /* TipsTableViewCell.swift in Sources */,
				95B4E20B2290C79600F3A2DE /* VenuesTableViewCell.swift in Sources */,
				95083EB5228EE1D800DD72F9 /* GlobalVariables.swift in Sources */,
			);
			runOnlyForDeploymentPostprocessing = 0;
		};
		95EAD554228E37D5004522CD /* Sources */ = {
			isa = PBXSourcesBuildPhase;
			buildActionMask = 2147483647;
			files = (
				95EAD55D228E37D5004522CD /* FoursquareTests.swift in Sources */,
			);
			runOnlyForDeploymentPostprocessing = 0;
		};
		95EAD55F228E37D5004522CD /* Sources */ = {
			isa = PBXSourcesBuildPhase;
			buildActionMask = 2147483647;
			files = (
				95EAD568228E37D5004522CD /* FoursquareUITests.swift in Sources */,
			);
			runOnlyForDeploymentPostprocessing = 0;
		};
/* End PBXSourcesBuildPhase section */

/* Begin PBXTargetDependency section */
		95EAD55A228E37D5004522CD /* PBXTargetDependency */ = {
			isa = PBXTargetDependency;
			target = 95EAD543228E37D4004522CD /* Foursquare */;
			targetProxy = 95EAD559228E37D5004522CD /* PBXContainerItemProxy */;
		};
		95EAD565228E37D5004522CD /* PBXTargetDependency */ = {
			isa = PBXTargetDependency;
			target = 95EAD543228E37D4004522CD /* Foursquare */;
			targetProxy = 95EAD564228E37D5004522CD /* PBXContainerItemProxy */;
		};
/* End PBXTargetDependency section */

/* Begin PBXVariantGroup section */
		95EAD54B228E37D4004522CD /* Main.storyboard */ = {
			isa = PBXVariantGroup;
			children = (
				95EAD54C228E37D4004522CD /* Base */,
			);
			name = Main.storyboard;
			sourceTree = "<group>";
		};
		95EAD550228E37D5004522CD /* LaunchScreen.storyboard */ = {
			isa = PBXVariantGroup;
			children = (
				95EAD551228E37D5004522CD /* Base */,
			);
			name = LaunchScreen.storyboard;
			sourceTree = "<group>";
		};
/* End PBXVariantGroup section */

/* Begin XCBuildConfiguration section */
		95EAD56A228E37D5004522CD /* Debug */ = {
			isa = XCBuildConfiguration;
			buildSettings = {
				ALWAYS_SEARCH_USER_PATHS = NO;
				CLANG_ANALYZER_NONNULL = YES;
				CLANG_ANALYZER_NUMBER_OBJECT_CONVERSION = YES_AGGRESSIVE;
				CLANG_CXX_LANGUAGE_STANDARD = "gnu++14";
				CLANG_CXX_LIBRARY = "libc++";
				CLANG_ENABLE_MODULES = YES;
				CLANG_ENABLE_OBJC_ARC = YES;
				CLANG_ENABLE_OBJC_WEAK = YES;
				CLANG_WARN_BLOCK_CAPTURE_AUTORELEASING = YES;
				CLANG_WARN_BOOL_CONVERSION = YES;
				CLANG_WARN_COMMA = YES;
				CLANG_WARN_CONSTANT_CONVERSION = YES;
				CLANG_WARN_DEPRECATED_OBJC_IMPLEMENTATIONS = YES;
				CLANG_WARN_DIRECT_OBJC_ISA_USAGE = YES_ERROR;
				CLANG_WARN_DOCUMENTATION_COMMENTS = YES;
				CLANG_WARN_EMPTY_BODY = YES;
				CLANG_WARN_ENUM_CONVERSION = YES;
				CLANG_WARN_INFINITE_RECURSION = YES;
				CLANG_WARN_INT_CONVERSION = YES;
				CLANG_WARN_NON_LITERAL_NULL_CONVERSION = YES;
				CLANG_WARN_OBJC_IMPLICIT_RETAIN_SELF = YES;
				CLANG_WARN_OBJC_LITERAL_CONVERSION = YES;
				CLANG_WARN_OBJC_ROOT_CLASS = YES_ERROR;
				CLANG_WARN_RANGE_LOOP_ANALYSIS = YES;
				CLANG_WARN_STRICT_PROTOTYPES = YES;
				CLANG_WARN_SUSPICIOUS_MOVE = YES;
				CLANG_WARN_UNGUARDED_AVAILABILITY = YES_AGGRESSIVE;
				CLANG_WARN_UNREACHABLE_CODE = YES;
				CLANG_WARN__DUPLICATE_METHOD_MATCH = YES;
				CODE_SIGN_IDENTITY = "iPhone Developer";
				COPY_PHASE_STRIP = NO;
				DEBUG_INFORMATION_FORMAT = dwarf;
				ENABLE_STRICT_OBJC_MSGSEND = YES;
				ENABLE_TESTABILITY = YES;
				GCC_C_LANGUAGE_STANDARD = gnu11;
				GCC_DYNAMIC_NO_PIC = NO;
				GCC_NO_COMMON_BLOCKS = YES;
				GCC_OPTIMIZATION_LEVEL = 0;
				GCC_PREPROCESSOR_DEFINITIONS = (
					"DEBUG=1",
					"$(inherited)",
				);
				GCC_WARN_64_TO_32_BIT_CONVERSION = YES;
				GCC_WARN_ABOUT_RETURN_TYPE = YES_ERROR;
				GCC_WARN_UNDECLARED_SELECTOR = YES;
				GCC_WARN_UNINITIALIZED_AUTOS = YES_AGGRESSIVE;
				GCC_WARN_UNUSED_FUNCTION = YES;
				GCC_WARN_UNUSED_VARIABLE = YES;
				IPHONEOS_DEPLOYMENT_TARGET = 12.2;
				MTL_ENABLE_DEBUG_INFO = INCLUDE_SOURCE;
				MTL_FAST_MATH = YES;
				ONLY_ACTIVE_ARCH = YES;
				SDKROOT = iphoneos;
				SWIFT_ACTIVE_COMPILATION_CONDITIONS = DEBUG;
				SWIFT_OPTIMIZATION_LEVEL = "-Onone";
			};
			name = Debug;
		};
		95EAD56B228E37D5004522CD /* Release */ = {
			isa = XCBuildConfiguration;
			buildSettings = {
				ALWAYS_SEARCH_USER_PATHS = NO;
				CLANG_ANALYZER_NONNULL = YES;
				CLANG_ANALYZER_NUMBER_OBJECT_CONVERSION = YES_AGGRESSIVE;
				CLANG_CXX_LANGUAGE_STANDARD = "gnu++14";
				CLANG_CXX_LIBRARY = "libc++";
				CLANG_ENABLE_MODULES = YES;
				CLANG_ENABLE_OBJC_ARC = YES;
				CLANG_ENABLE_OBJC_WEAK = YES;
				CLANG_WARN_BLOCK_CAPTURE_AUTORELEASING = YES;
				CLANG_WARN_BOOL_CONVERSION = YES;
				CLANG_WARN_COMMA = YES;
				CLANG_WARN_CONSTANT_CONVERSION = YES;
				CLANG_WARN_DEPRECATED_OBJC_IMPLEMENTATIONS = YES;
				CLANG_WARN_DIRECT_OBJC_ISA_USAGE = YES_ERROR;
				CLANG_WARN_DOCUMENTATION_COMMENTS = YES;
				CLANG_WARN_EMPTY_BODY = YES;
				CLANG_WARN_ENUM_CONVERSION = YES;
				CLANG_WARN_INFINITE_RECURSION = YES;
				CLANG_WARN_INT_CONVERSION = YES;
				CLANG_WARN_NON_LITERAL_NULL_CONVERSION = YES;
				CLANG_WARN_OBJC_IMPLICIT_RETAIN_SELF = YES;
				CLANG_WARN_OBJC_LITERAL_CONVERSION = YES;
				CLANG_WARN_OBJC_ROOT_CLASS = YES_ERROR;
				CLANG_WARN_RANGE_LOOP_ANALYSIS = YES;
				CLANG_WARN_STRICT_PROTOTYPES = YES;
				CLANG_WARN_SUSPICIOUS_MOVE = YES;
				CLANG_WARN_UNGUARDED_AVAILABILITY = YES_AGGRESSIVE;
				CLANG_WARN_UNREACHABLE_CODE = YES;
				CLANG_WARN__DUPLICATE_METHOD_MATCH = YES;
				CODE_SIGN_IDENTITY = "iPhone Developer";
				COPY_PHASE_STRIP = NO;
				DEBUG_INFORMATION_FORMAT = "dwarf-with-dsym";
				ENABLE_NS_ASSERTIONS = NO;
				ENABLE_STRICT_OBJC_MSGSEND = YES;
				GCC_C_LANGUAGE_STANDARD = gnu11;
				GCC_NO_COMMON_BLOCKS = YES;
				GCC_WARN_64_TO_32_BIT_CONVERSION = YES;
				GCC_WARN_ABOUT_RETURN_TYPE = YES_ERROR;
				GCC_WARN_UNDECLARED_SELECTOR = YES;
				GCC_WARN_UNINITIALIZED_AUTOS = YES_AGGRESSIVE;
				GCC_WARN_UNUSED_FUNCTION = YES;
				GCC_WARN_UNUSED_VARIABLE = YES;
				IPHONEOS_DEPLOYMENT_TARGET = 12.2;
				MTL_ENABLE_DEBUG_INFO = NO;
				MTL_FAST_MATH = YES;
				SDKROOT = iphoneos;
				SWIFT_COMPILATION_MODE = wholemodule;
				SWIFT_OPTIMIZATION_LEVEL = "-O";
				VALIDATE_PRODUCT = YES;
			};
			name = Release;
		};
		95EAD56D228E37D5004522CD /* Debug */ = {
			isa = XCBuildConfiguration;
			baseConfigurationReference = 37E6B3B16F2B4166783EABEC /* Pods-Foursquare.debug.xcconfig */;
			buildSettings = {
				ASSETCATALOG_COMPILER_APPICON_NAME = AppIcon;
				CODE_SIGN_STYLE = Automatic;
				DEVELOPMENT_TEAM = 9L2TCTT3QB;
				INFOPLIST_FILE = Foursquare/Info.plist;
				LD_RUNPATH_SEARCH_PATHS = (
					"$(inherited)",
					"@executable_path/Frameworks",
				);
				PRODUCT_BUNDLE_IDENTIFIER = "Mehmet-Baran.Foursquare";
				PRODUCT_NAME = "$(TARGET_NAME)";
				SWIFT_VERSION = 5.0;
				TARGETED_DEVICE_FAMILY = "1,2";
			};
			name = Debug;
		};
		95EAD56E228E37D5004522CD /* Release */ = {
			isa = XCBuildConfiguration;
			baseConfigurationReference = 16F2FD279D016B954BC8B3EE /* Pods-Foursquare.release.xcconfig */;
			buildSettings = {
				ASSETCATALOG_COMPILER_APPICON_NAME = AppIcon;
				CODE_SIGN_STYLE = Automatic;
				DEVELOPMENT_TEAM = 9L2TCTT3QB;
				INFOPLIST_FILE = Foursquare/Info.plist;
				LD_RUNPATH_SEARCH_PATHS = (
					"$(inherited)",
					"@executable_path/Frameworks",
				);
				PRODUCT_BUNDLE_IDENTIFIER = "Mehmet-Baran.Foursquare";
				PRODUCT_NAME = "$(TARGET_NAME)";
				SWIFT_VERSION = 5.0;
				TARGETED_DEVICE_FAMILY = "1,2";
			};
			name = Release;
		};
		95EAD570228E37D5004522CD /* Debug */ = {
			isa = XCBuildConfiguration;
			baseConfigurationReference = 3E056101ADFCA104E290B460 /* Pods-FoursquareTests.debug.xcconfig */;
			buildSettings = {
				ALWAYS_EMBED_SWIFT_STANDARD_LIBRARIES = YES;
				BUNDLE_LOADER = "$(TEST_HOST)";
				CODE_SIGN_STYLE = Automatic;
				DEVELOPMENT_TEAM = 9L2TCTT3QB;
				INFOPLIST_FILE = FoursquareTests/Info.plist;
				LD_RUNPATH_SEARCH_PATHS = (
					"$(inherited)",
					"@executable_path/Frameworks",
					"@loader_path/Frameworks",
				);
				PRODUCT_BUNDLE_IDENTIFIER = "Mehmet-Baran.FoursquareTests";
				PRODUCT_NAME = "$(TARGET_NAME)";
				SWIFT_VERSION = 5.0;
				TARGETED_DEVICE_FAMILY = "1,2";
				TEST_HOST = "$(BUILT_PRODUCTS_DIR)/Foursquare.app/Foursquare";
			};
			name = Debug;
		};
		95EAD571228E37D5004522CD /* Release */ = {
			isa = XCBuildConfiguration;
			baseConfigurationReference = D96B5AEF60279DC953E41CC1 /* Pods-FoursquareTests.release.xcconfig */;
			buildSettings = {
				ALWAYS_EMBED_SWIFT_STANDARD_LIBRARIES = YES;
				BUNDLE_LOADER = "$(TEST_HOST)";
				CODE_SIGN_STYLE = Automatic;
				DEVELOPMENT_TEAM = 9L2TCTT3QB;
				INFOPLIST_FILE = FoursquareTests/Info.plist;
				LD_RUNPATH_SEARCH_PATHS = (
					"$(inherited)",
					"@executable_path/Frameworks",
					"@loader_path/Frameworks",
				);
				PRODUCT_BUNDLE_IDENTIFIER = "Mehmet-Baran.FoursquareTests";
				PRODUCT_NAME = "$(TARGET_NAME)";
				SWIFT_VERSION = 5.0;
				TARGETED_DEVICE_FAMILY = "1,2";
				TEST_HOST = "$(BUILT_PRODUCTS_DIR)/Foursquare.app/Foursquare";
			};
			name = Release;
		};
		95EAD573228E37D5004522CD /* Debug */ = {
			isa = XCBuildConfiguration;
			baseConfigurationReference = 7C052D80BADCBB02C41F051E /* Pods-FoursquareUITests.debug.xcconfig */;
			buildSettings = {
				ALWAYS_EMBED_SWIFT_STANDARD_LIBRARIES = YES;
				CODE_SIGN_STYLE = Automatic;
				DEVELOPMENT_TEAM = 9L2TCTT3QB;
				INFOPLIST_FILE = FoursquareUITests/Info.plist;
				LD_RUNPATH_SEARCH_PATHS = (
					"$(inherited)",
					"@executable_path/Frameworks",
					"@loader_path/Frameworks",
				);
				PRODUCT_BUNDLE_IDENTIFIER = "Mehmet-Baran.FoursquareUITests";
				PRODUCT_NAME = "$(TARGET_NAME)";
				SWIFT_VERSION = 5.0;
				TARGETED_DEVICE_FAMILY = "1,2";
				TEST_TARGET_NAME = Foursquare;
			};
			name = Debug;
		};
		95EAD574228E37D5004522CD /* Release */ = {
			isa = XCBuildConfiguration;
			baseConfigurationReference = E0BC28F6E918FC4EAC4CAD87 /* Pods-FoursquareUITests.release.xcconfig */;
			buildSettings = {
				ALWAYS_EMBED_SWIFT_STANDARD_LIBRARIES = YES;
				CODE_SIGN_STYLE = Automatic;
				DEVELOPMENT_TEAM = 9L2TCTT3QB;
				INFOPLIST_FILE = FoursquareUITests/Info.plist;
				LD_RUNPATH_SEARCH_PATHS = (
					"$(inherited)",
					"@executable_path/Frameworks",
					"@loader_path/Frameworks",
				);
				PRODUCT_BUNDLE_IDENTIFIER = "Mehmet-Baran.FoursquareUITests";
				PRODUCT_NAME = "$(TARGET_NAME)";
				SWIFT_VERSION = 5.0;
				TARGETED_DEVICE_FAMILY = "1,2";
				TEST_TARGET_NAME = Foursquare;
			};
			name = Release;
		};
/* End XCBuildConfiguration section */

/* Begin XCConfigurationList section */
		95EAD53F228E37D3004522CD /* Build configuration list for PBXProject "Foursquare" */ = {
			isa = XCConfigurationList;
			buildConfigurations = (
				95EAD56A228E37D5004522CD /* Debug */,
				95EAD56B228E37D5004522CD /* Release */,
			);
			defaultConfigurationIsVisible = 0;
			defaultConfigurationName = Release;
		};
		95EAD56C228E37D5004522CD /* Build configuration list for PBXNativeTarget "Foursquare" */ = {
			isa = XCConfigurationList;
			buildConfigurations = (
				95EAD56D228E37D5004522CD /* Debug */,
				95EAD56E228E37D5004522CD /* Release */,
			);
			defaultConfigurationIsVisible = 0;
			defaultConfigurationName = Release;
		};
		95EAD56F228E37D5004522CD /* Build configuration list for PBXNativeTarget "FoursquareTests" */ = {
			isa = XCConfigurationList;
			buildConfigurations = (
				95EAD570228E37D5004522CD /* Debug */,
				95EAD571228E37D5004522CD /* Release */,
			);
			defaultConfigurationIsVisible = 0;
			defaultConfigurationName = Release;
		};
		95EAD572228E37D5004522CD /* Build configuration list for PBXNativeTarget "FoursquareUITests" */ = {
			isa = XCConfigurationList;
			buildConfigurations = (
				95EAD573228E37D5004522CD /* Debug */,
				95EAD574228E37D5004522CD /* Release */,
			);
			defaultConfigurationIsVisible = 0;
			defaultConfigurationName = Release;
		};
/* End XCConfigurationList section */
	};
	rootObject = 95EAD53C228E37D3004522CD /* Project object */;
}
